
Microsoft Visual Studio Solution File, Format Version 12.00
# Visual Studio 15
VisualStudioVersion = 15.0.27130.2026
MinimumVisualStudioVersion = 10.0.40219.1
Project("{FAE04EC0-301F-11D3-BF4B-00C04F79EFBC}") = "MmMobile.Android", "MmMobile\MmMobile.Android\MmMobile.Android.csproj", "{F7DEE8A5-EF63-49B6-BAC5-81A5EB0EC879}"
EndProject
Project("{FAE04EC0-301F-11D3-BF4B-00C04F79EFBC}") = "MmMobile.iOS", "MmMobile\MmMobile.iOS\MmMobile.iOS.csproj", "{04834757-AED9-4380-887B-F1161E7B3FB7}"
EndProject
Project("{FAE04EC0-301F-11D3-BF4B-00C04F79EFBC}") = "MmMobile.UWP", "MmMobile\MmMobile.UWP\MmMobile.UWP.csproj", "{1C1CC55D-EB0B-4129-BB1B-267351A4170A}"
EndProject
Project("{D954291E-2A0B-460D-934E-DC6B0785DB48}") = "MmMobile", "MmMobile\MmMobile\MmMobile.shproj", "{724E4A20-6845-40EF-B027-277BFE099F43}"
EndProject
Global
	GlobalSection(SharedMSBuildProjectFiles) = preSolution
		MmMobile\MmMobile\MmMobile.projitems*{04834757-aed9-4380-887b-f1161e7b3fb7}*SharedItemsImports = 4
		MmMobile\MmMobile\MmMobile.projitems*{1c1cc55d-eb0b-4129-bb1b-267351a4170a}*SharedItemsImports = 4
		MmMobile\MmMobile\MmMobile.projitems*{724e4a20-6845-40ef-b027-277bfe099f43}*SharedItemsImports = 13
		MmMobile\MmMobile\MmMobile.projitems*{f7dee8a5-ef63-49b6-bac5-81a5eb0ec879}*SharedItemsImports = 4
	EndGlobalSection
	GlobalSection(SolutionConfigurationPlatforms) = preSolution
		Ad-Hoc|Any CPU = Ad-Hoc|Any CPU
		Ad-Hoc|ARM = Ad-Hoc|ARM
		Ad-Hoc|iPhone = Ad-Hoc|iPhone
		Ad-Hoc|iPhoneSimulator = Ad-Hoc|iPhoneSimulator
		Ad-Hoc|x64 = Ad-Hoc|x64
		Ad-Hoc|x86 = Ad-Hoc|x86
		AppStore|Any CPU = AppStore|Any CPU
		AppStore|ARM = AppStore|ARM
		AppStore|iPhone = AppStore|iPhone
		AppStore|iPhoneSimulator = AppStore|iPhoneSimulator
		AppStore|x64 = AppStore|x64
		AppStore|x86 = AppStore|x86
		Debug|Any CPU = Debug|Any CPU
		Debug|ARM = Debug|ARM
		Debug|iPhone = Debug|iPhone
		Debug|iPhoneSimulator = Debug|iPhoneSimulator
		Debug|x64 = Debug|x64
		Debug|x86 = Debug|x86
		Release|Any CPU = Release|Any CPU
		Release|ARM = Release|ARM
		Release|iPhone = Release|iPhone
		Release|iPhoneSimulator = Release|iPhoneSimulator
		Release|x64 = Release|x64
		Release|x86 = Release|x86
	EndGlobalSection
	GlobalSection(ProjectConfigurationPlatforms) = postSolution
		{F7DEE8A5-EF63-49B6-BAC5-81A5EB0EC879}.Ad-Hoc|Any CPU.ActiveCfg = Release|Any CPU
		{F7DEE8A5-EF63-49B6-BAC5-81A5EB0EC879}.Ad-Hoc|Any CPU.Build.0 = Release|Any CPU
		{F7DEE8A5-EF63-49B6-BAC5-81A5EB0EC879}.Ad-Hoc|Any CPU.Deploy.0 = Release|Any CPU
		{F7DEE8A5-EF63-49B6-BAC5-81A5EB0EC879}.Ad-Hoc|ARM.ActiveCfg = Release|Any CPU
		{F7DEE8A5-EF63-49B6-BAC5-81A5EB0EC879}.Ad-Hoc|ARM.Build.0 = Release|Any CPU
		{F7DEE8A5-EF63-49B6-BAC5-81A5EB0EC879}.Ad-Hoc|ARM.Deploy.0 = Release|Any CPU
		{F7DEE8A5-EF63-49B6-BAC5-81A5EB0EC879}.Ad-Hoc|iPhone.ActiveCfg = Release|Any CPU
		{F7DEE8A5-EF63-49B6-BAC5-81A5EB0EC879}.Ad-Hoc|iPhone.Build.0 = Release|Any CPU
		{F7DEE8A5-EF63-49B6-BAC5-81A5EB0EC879}.Ad-Hoc|iPhone.Deploy.0 = Release|Any CPU
		{F7DEE8A5-EF63-49B6-BAC5-81A5EB0EC879}.Ad-Hoc|iPhoneSimulator.ActiveCfg = Release|Any CPU
		{F7DEE8A5-EF63-49B6-BAC5-81A5EB0EC879}.Ad-Hoc|iPhoneSimulator.Build.0 = Release|Any CPU
		{F7DEE8A5-EF63-49B6-BAC5-81A5EB0EC879}.Ad-Hoc|iPhoneSimulator.Deploy.0 = Release|Any CPU
		{F7DEE8A5-EF63-49B6-BAC5-81A5EB0EC879}.Ad-Hoc|x64.ActiveCfg = Release|Any CPU
		{F7DEE8A5-EF63-49B6-BAC5-81A5EB0EC879}.Ad-Hoc|x64.Build.0 = Release|Any CPU
		{F7DEE8A5-EF63-49B6-BAC5-81A5EB0EC879}.Ad-Hoc|x64.Deploy.0 = Release|Any CPU
		{F7DEE8A5-EF63-49B6-BAC5-81A5EB0EC879}.Ad-Hoc|x86.ActiveCfg = Release|Any CPU
		{F7DEE8A5-EF63-49B6-BAC5-81A5EB0EC879}.Ad-Hoc|x86.Build.0 = Release|Any CPU
		{F7DEE8A5-EF63-49B6-BAC5-81A5EB0EC879}.Ad-Hoc|x86.Deploy.0 = Release|Any CPU
		{F7DEE8A5-EF63-49B6-BAC5-81A5EB0EC879}.AppStore|Any CPU.ActiveCfg = Release|Any CPU
		{F7DEE8A5-EF63-49B6-BAC5-81A5EB0EC879}.AppStore|Any CPU.Build.0 = Release|Any CPU
		{F7DEE8A5-EF63-49B6-BAC5-81A5EB0EC879}.AppStore|Any CPU.Deploy.0 = Release|Any CPU
		{F7DEE8A5-EF63-49B6-BAC5-81A5EB0EC879}.AppStore|ARM.ActiveCfg = Release|Any CPU
		{F7DEE8A5-EF63-49B6-BAC5-81A5EB0EC879}.AppStore|ARM.Build.0 = Release|Any CPU
		{F7DEE8A5-EF63-49B6-BAC5-81A5EB0EC879}.AppStore|ARM.Deploy.0 = Release|Any CPU
		{F7DEE8A5-EF63-49B6-BAC5-81A5EB0EC879}.AppStore|iPhone.ActiveCfg = Release|Any CPU
		{F7DEE8A5-EF63-49B6-BAC5-81A5EB0EC879}.AppStore|iPhone.Build.0 = Release|Any CPU
		{F7DEE8A5-EF63-49B6-BAC5-81A5EB0EC879}.AppStore|iPhone.Deploy.0 = Release|Any CPU
		{F7DEE8A5-EF63-49B6-BAC5-81A5EB0EC879}.AppStore|iPhoneSimulator.ActiveCfg = Release|Any CPU
		{F7DEE8A5-EF63-49B6-BAC5-81A5EB0EC879}.AppStore|iPhoneSimulator.Build.0 = Release|Any CPU
		{F7DEE8A5-EF63-49B6-BAC5-81A5EB0EC879}.AppStore|iPhoneSimulator.Deploy.0 = Release|Any CPU
		{F7DEE8A5-EF63-49B6-BAC5-81A5EB0EC879}.AppStore|x64.ActiveCfg = Release|Any CPU
		{F7DEE8A5-EF63-49B6-BAC5-81A5EB0EC879}.AppStore|x64.Build.0 = Release|Any CPU
		{F7DEE8A5-EF63-49B6-BAC5-81A5EB0EC879}.AppStore|x64.Deploy.0 = Release|Any CPU
		{F7DEE8A5-EF63-49B6-BAC5-81A5EB0EC879}.AppStore|x86.ActiveCfg = Release|Any CPU
		{F7DEE8A5-EF63-49B6-BAC5-81A5EB0EC879}.AppStore|x86.Build.0 = Release|Any CPU
		{F7DEE8A5-EF63-49B6-BAC5-81A5EB0EC879}.AppStore|x86.Deploy.0 = Release|Any CPU
		{F7DEE8A5-EF63-49B6-BAC5-81A5EB0EC879}.Debug|Any CPU.ActiveCfg = Debug|Any CPU
		{F7DEE8A5-EF63-49B6-BAC5-81A5EB0EC879}.Debug|Any CPU.Build.0 = Debug|Any CPU
		{F7DEE8A5-EF63-49B6-BAC5-81A5EB0EC879}.Debug|Any CPU.Deploy.0 = Debug|Any CPU
		{F7DEE8A5-EF63-49B6-BAC5-81A5EB0EC879}.Debug|ARM.ActiveCfg = Debug|Any CPU
		{F7DEE8A5-EF63-49B6-BAC5-81A5EB0EC879}.Debug|ARM.Build.0 = Debug|Any CPU
		{F7DEE8A5-EF63-49B6-BAC5-81A5EB0EC879}.Debug|ARM.Deploy.0 = Debug|Any CPU
		{F7DEE8A5-EF63-49B6-BAC5-81A5EB0EC879}.Debug|iPhone.ActiveCfg = Debug|Any CPU
		{F7DEE8A5-EF63-49B6-BAC5-81A5EB0EC879}.Debug|iPhone.Build.0 = Debug|Any CPU
		{F7DEE8A5-EF63-49B6-BAC5-81A5EB0EC879}.Debug|iPhone.Deploy.0 = Debug|Any CPU
		{F7DEE8A5-EF63-49B6-BAC5-81A5EB0EC879}.Debug|iPhoneSimulator.ActiveCfg = Debug|Any CPU
		{F7DEE8A5-EF63-49B6-BAC5-81A5EB0EC879}.Debug|iPhoneSimulator.Build.0 = Debug|Any CPU
		{F7DEE8A5-EF63-49B6-BAC5-81A5EB0EC879}.Debug|iPhoneSimulator.Deploy.0 = Debug|Any CPU
		{F7DEE8A5-EF63-49B6-BAC5-81A5EB0EC879}.Debug|x64.ActiveCfg = Debug|Any CPU
		{F7DEE8A5-EF63-49B6-BAC5-81A5EB0EC879}.Debug|x64.Build.0 = Debug|Any CPU
		{F7DEE8A5-EF63-49B6-BAC5-81A5EB0EC879}.Debug|x64.Deploy.0 = Debug|Any CPU
		{F7DEE8A5-EF63-49B6-BAC5-81A5EB0EC879}.Debug|x86.ActiveCfg = Debug|Any CPU
		{F7DEE8A5-EF63-49B6-BAC5-81A5EB0EC879}.Debug|x86.Build.0 = Debug|Any CPU
		{F7DEE8A5-EF63-49B6-BAC5-81A5EB0EC879}.Debug|x86.Deploy.0 = Debug|Any CPU
		{F7DEE8A5-EF63-49B6-BAC5-81A5EB0EC879}.Release|Any CPU.ActiveCfg = Release|Any CPU
		{F7DEE8A5-EF63-49B6-BAC5-81A5EB0EC879}.Release|Any CPU.Build.0 = Release|Any CPU
		{F7DEE8A5-EF63-49B6-BAC5-81A5EB0EC879}.Release|Any CPU.Deploy.0 = Release|Any CPU
		{F7DEE8A5-EF63-49B6-BAC5-81A5EB0EC879}.Release|ARM.ActiveCfg = Release|Any CPU
		{F7DEE8A5-EF63-49B6-BAC5-81A5EB0EC879}.Release|ARM.Build.0 = Release|Any CPU
		{F7DEE8A5-EF63-49B6-BAC5-81A5EB0EC879}.Release|ARM.Deploy.0 = Release|Any CPU
		{F7DEE8A5-EF63-49B6-BAC5-81A5EB0EC879}.Release|iPhone.ActiveCfg = Release|Any CPU
		{F7DEE8A5-EF63-49B6-BAC5-81A5EB0EC879}.Release|iPhone.Build.0 = Release|Any CPU
		{F7DEE8A5-EF63-49B6-BAC5-81A5EB0EC879}.Release|iPhone.Deploy.0 = Release|Any CPU
		{F7DEE8A5-EF63-49B6-BAC5-81A5EB0EC879}.Release|iPhoneSimulator.ActiveCfg = Release|Any CPU
		{F7DEE8A5-EF63-49B6-BAC5-81A5EB0EC879}.Release|iPhoneSimulator.Build.0 = Release|Any CPU
		{F7DEE8A5-EF63-49B6-BAC5-81A5EB0EC879}.Release|iPhoneSimulator.Deploy.0 = Release|Any CPU
		{F7DEE8A5-EF63-49B6-BAC5-81A5EB0EC879}.Release|x64.ActiveCfg = Release|Any CPU
		{F7DEE8A5-EF63-49B6-BAC5-81A5EB0EC879}.Release|x64.Build.0 = Release|Any CPU
		{F7DEE8A5-EF63-49B6-BAC5-81A5EB0EC879}.Release|x64.Deploy.0 = Release|Any CPU
		{F7DEE8A5-EF63-49B6-BAC5-81A5EB0EC879}.Release|x86.ActiveCfg = Release|Any CPU
		{F7DEE8A5-EF63-49B6-BAC5-81A5EB0EC879}.Release|x86.Build.0 = Release|Any CPU
		{F7DEE8A5-EF63-49B6-BAC5-81A5EB0EC879}.Release|x86.Deploy.0 = Release|Any CPU
		{04834757-AED9-4380-887B-F1161E7B3FB7}.Ad-Hoc|Any CPU.ActiveCfg = Ad-Hoc|iPhone
		{04834757-AED9-4380-887B-F1161E7B3FB7}.Ad-Hoc|ARM.ActiveCfg = Ad-Hoc|iPhone
		{04834757-AED9-4380-887B-F1161E7B3FB7}.Ad-Hoc|iPhone.ActiveCfg = Ad-Hoc|iPhone
		{04834757-AED9-4380-887B-F1161E7B3FB7}.Ad-Hoc|iPhone.Build.0 = Ad-Hoc|iPhone
		{04834757-AED9-4380-887B-F1161E7B3FB7}.Ad-Hoc|iPhoneSimulator.ActiveCfg = Ad-Hoc|iPhoneSimulator
		{04834757-AED9-4380-887B-F1161E7B3FB7}.Ad-Hoc|iPhoneSimulator.Build.0 = Ad-Hoc|iPhoneSimulator
		{04834757-AED9-4380-887B-F1161E7B3FB7}.Ad-Hoc|x64.ActiveCfg = Ad-Hoc|iPhone
		{04834757-AED9-4380-887B-F1161E7B3FB7}.Ad-Hoc|x86.ActiveCfg = Ad-Hoc|iPhone
		{04834757-AED9-4380-887B-F1161E7B3FB7}.AppStore|Any CPU.ActiveCfg = AppStore|iPhone
		{04834757-AED9-4380-887B-F1161E7B3FB7}.AppStore|ARM.ActiveCfg = AppStore|iPhone
		{04834757-AED9-4380-887B-F1161E7B3FB7}.AppStore|iPhone.ActiveCfg = AppStore|iPhone
		{04834757-AED9-4380-887B-F1161E7B3FB7}.AppStore|iPhone.Build.0 = AppStore|iPhone
		{04834757-AED9-4380-887B-F1161E7B3FB7}.AppStore|iPhoneSimulator.ActiveCfg = AppStore|iPhoneSimulator
		{04834757-AED9-4380-887B-F1161E7B3FB7}.AppStore|iPhoneSimulator.Build.0 = AppStore|iPhoneSimulator
		{04834757-AED9-4380-887B-F1161E7B3FB7}.AppStore|x64.ActiveCfg = AppStore|iPhone
		{04834757-AED9-4380-887B-F1161E7B3FB7}.AppStore|x86.ActiveCfg = AppStore|iPhone
		{04834757-AED9-4380-887B-F1161E7B3FB7}.Debug|Any CPU.ActiveCfg = Debug|iPhone
		{04834757-AED9-4380-887B-F1161E7B3FB7}.Debug|ARM.ActiveCfg = Debug|iPhone
		{04834757-AED9-4380-887B-F1161E7B3FB7}.Debug|iPhone.ActiveCfg = Debug|iPhone
		{04834757-AED9-4380-887B-F1161E7B3FB7}.Debug|iPhone.Build.0 = Debug|iPhone
		{04834757-AED9-4380-887B-F1161E7B3FB7}.Debug|iPhoneSimulator.ActiveCfg = Debug|iPhoneSimulator
		{04834757-AED9-4380-887B-F1161E7B3FB7}.Debug|iPhoneSimulator.Build.0 = Debug|iPhoneSimulator
		{04834757-AED9-4380-887B-F1161E7B3FB7}.Debug|x64.ActiveCfg = Debug|iPhone
		{04834757-AED9-4380-887B-F1161E7B3FB7}.Debug|x86.ActiveCfg = Debug|iPhone
		{04834757-AED9-4380-887B-F1161E7B3FB7}.Release|Any CPU.ActiveCfg = Release|iPhone
		{04834757-AED9-4380-887B-F1161E7B3FB7}.Release|ARM.ActiveCfg = Release|iPhone
		{04834757-AED9-4380-887B-F1161E7B3FB7}.Release|iPhone.ActiveCfg = Release|iPhone
		{04834757-AED9-4380-887B-F1161E7B3FB7}.Release|iPhone.Build.0 = Release|iPhone
		{04834757-AED9-4380-887B-F1161E7B3FB7}.Release|iPhoneSimulator.ActiveCfg = Release|iPhoneSimulator
		{04834757-AED9-4380-887B-F1161E7B3FB7}.Release|iPhoneSimulator.Build.0 = Release|iPhoneSimulator
		{04834757-AED9-4380-887B-F1161E7B3FB7}.Release|x64.ActiveCfg = Release|iPhone
		{04834757-AED9-4380-887B-F1161E7B3FB7}.Release|x86.ActiveCfg = Release|iPhone
		{1C1CC55D-EB0B-4129-BB1B-267351A4170A}.Ad-Hoc|Any CPU.ActiveCfg = Release|x86
		{1C1CC55D-EB0B-4129-BB1B-267351A4170A}.Ad-Hoc|Any CPU.Build.0 = Release|x86
		{1C1CC55D-EB0B-4129-BB1B-267351A4170A}.Ad-Hoc|Any CPU.Deploy.0 = Release|x86
		{1C1CC55D-EB0B-4129-BB1B-267351A4170A}.Ad-Hoc|ARM.ActiveCfg = Release|ARM
		{1C1CC55D-EB0B-4129-BB1B-267351A4170A}.Ad-Hoc|ARM.Build.0 = Release|ARM
		{1C1CC55D-EB0B-4129-BB1B-267351A4170A}.Ad-Hoc|ARM.Deploy.0 = Release|ARM
		{1C1CC55D-EB0B-4129-BB1B-267351A4170A}.Ad-Hoc|iPhone.ActiveCfg = Release|x86
		{1C1CC55D-EB0B-4129-BB1B-267351A4170A}.Ad-Hoc|iPhone.Build.0 = Release|x86
		{1C1CC55D-EB0B-4129-BB1B-267351A4170A}.Ad-Hoc|iPhone.Deploy.0 = Release|x86
		{1C1CC55D-EB0B-4129-BB1B-267351A4170A}.Ad-Hoc|iPhoneSimulator.ActiveCfg = Release|x86
		{1C1CC55D-EB0B-4129-BB1B-267351A4170A}.Ad-Hoc|iPhoneSimulator.Build.0 = Release|x86
		{1C1CC55D-EB0B-4129-BB1B-267351A4170A}.Ad-Hoc|iPhoneSimulator.Deploy.0 = Release|x86
		{1C1CC55D-EB0B-4129-BB1B-267351A4170A}.Ad-Hoc|x64.ActiveCfg = Release|x64
		{1C1CC55D-EB0B-4129-BB1B-267351A4170A}.Ad-Hoc|x64.Build.0 = Release|x64
		{1C1CC55D-EB0B-4129-BB1B-267351A4170A}.Ad-Hoc|x64.Deploy.0 = Release|x64
		{1C1CC55D-EB0B-4129-BB1B-267351A4170A}.Ad-Hoc|x86.ActiveCfg = Release|x86
		{1C1CC55D-EB0B-4129-BB1B-267351A4170A}.Ad-Hoc|x86.Build.0 = Release|x86
		{1C1CC55D-EB0B-4129-BB1B-267351A4170A}.Ad-Hoc|x86.Deploy.0 = Release|x86
		{1C1CC55D-EB0B-4129-BB1B-267351A4170A}.AppStore|Any CPU.ActiveCfg = Release|x86
		{1C1CC55D-EB0B-4129-BB1B-267351A4170A}.AppStore|Any CPU.Build.0 = Release|x86
		{1C1CC55D-EB0B-4129-BB1B-267351A4170A}.AppStore|Any CPU.Deploy.0 = Release|x86
		{1C1CC55D-EB0B-4129-BB1B-267351A4170A}.AppStore|ARM.ActiveCfg = Release|ARM
		{1C1CC55D-EB0B-4129-BB1B-267351A4170A}.AppStore|ARM.Build.0 = Release|ARM
		{1C1CC55D-EB0B-4129-BB1B-267351A4170A}.AppStore|ARM.Deploy.0 = Release|ARM
		{1C1CC55D-EB0B-4129-BB1B-267351A4170A}.AppStore|iPhone.ActiveCfg = Release|x86
		{1C1CC55D-EB0B-4129-BB1B-267351A4170A}.AppStore|iPhone.Build.0 = Release|x86
		{1C1CC55D-EB0B-4129-BB1B-267351A4170A}.AppStore|iPhone.Deploy.0 = Release|x86
		{1C1CC55D-EB0B-4129-BB1B-267351A4170A}.AppStore|iPhoneSimulator.ActiveCfg = Release|x86
		{1C1CC55D-EB0B-4129-BB1B-267351A4170A}.AppStore|iPhoneSimulator.Build.0 = Release|x86
		{1C1CC55D-EB0B-4129-BB1B-267351A4170A}.AppStore|iPhoneSimulator.Deploy.0 = Release|x86
		{1C1CC55D-EB0B-4129-BB1B-267351A4170A}.AppStore|x64.ActiveCfg = Release|x64
		{1C1CC55D-EB0B-4129-BB1B-267351A4170A}.AppStore|x64.Build.0 = Release|x64
		{1C1CC55D-EB0B-4129-BB1B-267351A4170A}.AppStore|x64.Deploy.0 = Release|x64
		{1C1CC55D-EB0B-4129-BB1B-267351A4170A}.AppStore|x86.ActiveCfg = Release|x86
		{1C1CC55D-EB0B-4129-BB1B-267351A4170A}.AppStore|x86.Build.0 = Release|x86
		{1C1CC55D-EB0B-4129-BB1B-267351A4170A}.AppStore|x86.Deploy.0 = Release|x86
		{1C1CC55D-EB0B-4129-BB1B-267351A4170A}.Debug|Any CPU.ActiveCfg = Debug|x86
		{1C1CC55D-EB0B-4129-BB1B-267351A4170A}.Debug|ARM.ActiveCfg = Debug|ARM
		{1C1CC55D-EB0B-4129-BB1B-267351A4170A}.Debug|ARM.Build.0 = Debug|ARM
		{1C1CC55D-EB0B-4129-BB1B-267351A4170A}.Debug|ARM.Deploy.0 = Debug|ARM
		{1C1CC55D-EB0B-4129-BB1B-267351A4170A}.Debug|iPhone.ActiveCfg = Debug|x86
		{1C1CC55D-EB0B-4129-BB1B-267351A4170A}.Debug|iPhoneSimulator.ActiveCfg = Debug|x86
		{1C1CC55D-EB0B-4129-BB1B-267351A4170A}.Debug|x64.ActiveCfg = Debug|x64
		{1C1CC55D-EB0B-4129-BB1B-267351A4170A}.Debug|x64.Build.0 = Debug|x64
		{1C1CC55D-EB0B-4129-BB1B-267351A4170A}.Debug|x64.Deploy.0 = Debug|x64
		{1C1CC55D-EB0B-4129-BB1B-267351A4170A}.Debug|x86.ActiveCfg = Debug|x86
		{1C1CC55D-EB0B-4129-BB1B-267351A4170A}.Debug|x86.Build.0 = Debug|x86
		{1C1CC55D-EB0B-4129-BB1B-267351A4170A}.Debug|x86.Deploy.0 = Debug|x86
		{1C1CC55D-EB0B-4129-BB1B-267351A4170A}.Release|Any CPU.ActiveCfg = Release|x86
		{1C1CC55D-EB0B-4129-BB1B-267351A4170A}.Release|ARM.ActiveCfg = Release|ARM
		{1C1CC55D-EB0B-4129-BB1B-267351A4170A}.Release|ARM.Build.0 = Release|ARM
		{1C1CC55D-EB0B-4129-BB1B-267351A4170A}.Release|ARM.Deploy.0 = Release|ARM
		{1C1CC55D-EB0B-4129-BB1B-267351A4170A}.Release|iPhone.ActiveCfg = Release|x86
		{1C1CC55D-EB0B-4129-BB1B-267351A4170A}.Release|iPhoneSimulator.ActiveCfg = Release|x86
		{1C1CC55D-EB0B-4129-BB1B-267351A4170A}.Release|x64.ActiveCfg = Release|x64
		{1C1CC55D-EB0B-4129-BB1B-267351A4170A}.Release|x64.Build.0 = Release|x64
		{1C1CC55D-EB0B-4129-BB1B-267351A4170A}.Release|x64.Deploy.0 = Release|x64
		{1C1CC55D-EB0B-4129-BB1B-267351A4170A}.Release|x86.ActiveCfg = Release|x86
		{1C1CC55D-EB0B-4129-BB1B-267351A4170A}.Release|x86.Build.0 = Release|x86
		{1C1CC55D-EB0B-4129-BB1B-267351A4170A}.Release|x86.Deploy.0 = Release|x86
	EndGlobalSection
	GlobalSection(SolutionProperties) = preSolution
		HideSolutionNode = FALSE
	EndGlobalSection
	GlobalSection(ExtensibilityGlobals) = postSolution
		SolutionGuid = {E294EC4E-D066-4775-9A30-7298CF905067}
	EndGlobalSection
EndGlobal
